// !$*UTF8*$!
{
	archiveVersion = 1;
	classes = {
	};
	objectVersion = 46;
	objects = {

/* Begin PBXBuildFile section */
		4CF53BC41F3A54C80088F136 /* AppDelegate.swift in Sources */ = {isa = PBXBuildFile; fileRef = 4CF53BC31F3A54C80088F136 /* AppDelegate.swift */; };
		4CF53BC61F3A54C80088F136 /* ViewController.swift in Sources */ = {isa = PBXBuildFile; fileRef = 4CF53BC51F3A54C80088F136 /* ViewController.swift */; };
		4CF53BC91F3A54C80088F136 /* Main.storyboard in Resources */ = {isa = PBXBuildFile; fileRef = 4CF53BC71F3A54C80088F136 /* Main.storyboard */; };
		4CF53BCB1F3A54C80088F136 /* Assets.xcassets in Resources */ = {isa = PBXBuildFile; fileRef = 4CF53BCA1F3A54C80088F136 /* Assets.xcassets */; };
		4CF53BCE1F3A54C80088F136 /* LaunchScreen.storyboard in Resources */ = {isa = PBXBuildFile; fileRef = 4CF53BCC1F3A54C80088F136 /* LaunchScreen.storyboard */; };
/* End PBXBuildFile section */

/* Begin PBXFileReference section */
		4CF53BC01F3A54C80088F136 /* HalfModalPresentationController.app */ = {isa = PBXFileReference; explicitFileType = wrapper.application; includeInIndex = 0; path = HalfModalPresentationController.app; sourceTree = BUILT_PRODUCTS_DIR; };
		4CF53BC31F3A54C80088F136 /* AppDelegate.swift */ = {isa = PBXFileReference; lastKnownFileType = sourcecode.swift; path = AppDelegate.swift; sourceTree = "<group>"; };
		4CF53BC51F3A54C80088F136 /* ViewController.swift */ = {isa = PBXFileReference; lastKnownFileType = sourcecode.swift; path = ViewController.swift; sourceTree = "<group>"; };
		4CF53BC81F3A54C80088F136 /* Base */ = {isa = PBXFileReference; lastKnownFileType = file.storyboard; name = Base; path = Base.lproj/Main.storyboard; sourceTree = "<group>"; };
		4CF53BCA1F3A54C80088F136 /* Assets.xcassets */ = {isa = PBXFileReference; lastKnownFileType = folder.assetcatalog; path = Assets.xcassets; sourceTree = "<group>"; };
		4CF53BCD1F3A54C80088F136 /* Base */ = {isa = PBXFileReference; lastKnownFileType = file.storyboard; name = Base; path = Base.lproj/LaunchScreen.storyboard; sourceTree = "<group>"; };
		4CF53BCF1F3A54C80088F136 /* Info.plist */ = {isa = PBXFileReference; lastKnownFileType = text.plist.xml; path = Info.plist; sourceTree = "<group>"; };
/* End PBXFileReference section */

/* Begin PBXFrameworksBuildPhase section */
		4CF53BBD1F3A54C80088F136 /* Frameworks */ = {
			isa = PBXFrameworksBuildPhase;
			buildActionMask = 2147483647;
			files = (
			);
			runOnlyForDeploymentPostprocessing = 0;
		};
/* End PBXFrameworksBuildPhase section */

/* Begin PBXGroup section */
		4CF53BB71F3A54C80088F136 = {
			isa = PBXGroup;
			children = (
				4CF53BC21F3A54C80088F136 /* HalfModalPresentationController */,
				4CF53BC11F3A54C80088F136 /* Products */,
			);
			sourceTree = "<group>";
		};
		4CF53BC11F3A54C80088F136 /* Products */ = {
			isa = PBXGroup;
			children = (
				4CF53BC01F3A54C80088F136 /* HalfModalPresentationController.app */,
			);
			name = Products;
			sourceTree = "<group>";
		};
		4CF53BC21F3A54C80088F136 /* HalfModalPresentationController */ = {
			isa = PBXGroup;
			children = (
				4CF53BC31F3A54C80088F136 /* AppDelegate.swift */,
				4CF53BC51F3A54C80088F136 /* ViewController.swift */,
				4CF53BC71F3A54C80088F136 /* Main.storyboard */,
				4CF53BCA1F3A54C80088F136 /* Assets.xcassets */,
				4CF53BCC1F3A54C80088F136 /* LaunchScreen.storyboard */,
				4CF53BCF1F3A54C80088F136 /* Info.plist */,
			);
			path = HalfModalPresentationController;
			sourceTree = "<group>";
		};
/* End PBXGroup section */

/* Begin PBXNativeTarget section */
		4CF53BBF1F3A54C80088F136 /* HalfModalPresentationController */ = {
			isa = PBXNativeTarget;
			buildConfigurationList = 4CF53BD21F3A54C80088F136 /* Build configuration list for PBXNativeTarget "HalfModalPresentationController" */;
			buildPhases = (
				4CF53BBC1F3A54C80088F136 /* Sources */,
				4CF53BBD1F3A54C80088F136 /* Frameworks */,
				4CF53BBE1F3A54C80088F136 /* Resources */,
			);
			buildRules = (
			);
			dependencies = (
			);
			name = HalfModalPresentationController;
			productName = HalfModalPresentationController;
			productReference = 4CF53BC01F3A54C80088F136 /* HalfModalPresentationController.app */;
			productType = "com.apple.product-type.application";
		};
/* End PBXNativeTarget section */

/* Begin PBXProject section */
		4CF53BB81F3A54C80088F136 /* Project object */ = {
			isa = PBXProject;
			attributes = {
				LastSwiftUpdateCheck = 0830;
				LastUpgradeCheck = 0830;
				ORGANIZATIONNAME = "Michael Lema";
				TargetAttributes = {
					4CF53BBF1F3A54C80088F136 = {
						CreatedOnToolsVersion = 8.3.3;
						DevelopmentTeam = MFNQ54N2S6;
						ProvisioningStyle = Automatic;
					};
				};
			};
			buildConfigurationList = 4CF53BBB1F3A54C80088F136 /* Build configuration list for PBXProject "HalfModalPresentationController" */;
			compatibilityVersion = "Xcode 3.2";
			developmentRegion = English;
			hasScannedForEncodings = 0;
			knownRegions = (
				en,
				Base,
			);
			mainGroup = 4CF53BB71F3A54C80088F136;
			productRefGroup = 4CF53BC11F3A54C80088F136 /* Products */;
			projectDirPath = "";
			projectRoot = "";
			targets = (
				4CF53BBF1F3A54C80088F136 /* HalfModalPresentationController */,
			);
		};
/* End PBXProject section */

/* Begin PBXResourcesBuildPhase section */
		4CF53BBE1F3A54C80088F136 /* Resources */ = {
			isa = PBXResourcesBuildPhase;
			buildActionMask = 2147483647;
			files = (
				4CF53BCE1F3A54C80088F136 /* LaunchScreen.storyboard in Resources */,
				4CF53BCB1F3A54C80088F136 /* Assets.xcassets in Resources */,
				4CF53BC91F3A54C80088F136 /* Main.storyboard in Resources */,
			);
			runOnlyForDeploymentPostprocessing = 0;
		};
/* End PBXResourcesBuildPhase section */

/* Begin PBXSourcesBuildPhase section */
		4CF53BBC1F3A54C80088F136 /* Sources */ = {
			isa = PBXSourcesBuildPhase;
			buildActionMask = 2147483647;
			files = (
				4CF53BC61F3A54C80088F136 /* ViewController.swift in Sources */,
				4CF53BC41F3A54C80088F136 /* AppDelegate.swift in Sources */,
			);
			runOnlyForDeploymentPostprocessing = 0;
		};
/* End PBXSourcesBuildPhase section */

/* Begin PBXVariantGroup section */
		4CF53BC71F3A54C80088F136 /* Main.storyboard */ = {
			isa = PBXVariantGroup;
			children = (
				4CF53BC81F3A54C80088F136 /* Base */,
			);
			name = Main.storyboard;
			sourceTree = "<group>";
		};
		4CF53BCC1F3A54C80088F136 /* LaunchScreen.storyboard */ = {
			isa = PBXVariantGroup;
			children = (
				4CF53BCD1F3A54C80088F136 /* Base */,
			);
			name = LaunchScreen.storyboard;
			sourceTree = "<group>";
		};
/* End PBXVariantGroup section */

/* Begin XCBuildConfiguration section */
		4CF53BD01F3A54C80088F136 /* Debug */ = {
			isa = XCBuildConfiguration;
			buildSettings = {
				ALWAYS_SEARCH_USER_PATHS = NO;
				CLANG_ANALYZER_NONNULL = YES;
				CLANG_ANALYZER_NUMBER_OBJECT_CONVERSION = YES_AGGRESSIVE;
				CLANG_CXX_LANGUAGE_STANDARD = "gnu++0x";
				CLANG_CXX_LIBRARY = "libc++";
				CLANG_ENABLE_MODULES = YES;
				CLANG_ENABLE_OBJC_ARC = YES;
				CLANG_WARN_BOOL_CONVERSION = YES;
				CLANG_WARN_CONSTANT_CONVERSION = YES;
				CLANG_WARN_DIRECT_OBJC_ISA_USAGE = YES_ERROR;
				CLANG_WARN_DOCUMENTATION_COMMENTS = YES;
				CLANG_WARN_EMPTY_BODY = YES;
				CLANG_WARN_ENUM_CONVERSION = YES;
				CLANG_WARN_INFINITE_RECURSION = YES;
				CLANG_WARN_INT_CONVERSION = YES;
				CLANG_WARN_OBJC_ROOT_CLASS = YES_ERROR;
				CLANG_WARN_SUSPICIOUS_MOVE = YES;
				CLANG_WARN_UNREACHABLE_CODE = YES;
				CLANG_WARN__DUPLICATE_METHOD_MATCH = YES;
				"CODE_SIGN_IDENTITY[sdk=iphoneos*]" = "iPhone Developer";
				COPY_PHASE_STRIP = NO;
				DEBUG_INFORMATION_FORMAT = dwarf;
				ENABLE_STRICT_OBJC_MSGSEND = YES;
				ENABLE_TESTABILITY = YES;
				GCC_C_LANGUAGE_STANDARD = gnu99;
				GCC_DYNAMIC_NO_PIC = NO;
				GCC_NO_COMMON_BLOCKS = YES;
				GCC_OPTIMIZATION_LEVEL = 0;
				GCC_PREPROCESSOR_DEFINITIONS = (
					"DEBUG=1",
					"$(inherited)",
				);
				GCC_WARN_64_TO_32_BIT_CONVERSION = YES;
				GCC_WARN_ABOUT_RETURN_TYPE = YES_ERROR;
				GCC_WARN_UNDECLARED_SELECTOR = YES;
				GCC_WARN_UNINITIALIZED_AUTOS = YES_AGGRESSIVE;
				GCC_WARN_UNUSED_FUNCTION = YES;
				GCC_WARN_UNUSED_VARIABLE = YES;
				IPHONEOS_DEPLOYMENT_TARGET = 10.3;
				MTL_ENABLE_DEBUG_INFO = YES;
				ONLY_ACTIVE_ARCH = YES;
				SDKROOT = iphoneos;
				SWIFT_ACTIVE_COMPILATION_CONDITIONS = DEBUG;
				SWIFT_OPTIMIZATION_LEVEL = "-Onone";
				TARGETED_DEVICE_FAMILY = "1,2";
			};
			name = Debug;
		};
		4CF53BD11F3A54C80088F136 /* Release */ = {
			isa = XCBuildConfiguration;
			buildSettings = {
				ALWAYS_SEARCH_USER_PATHS = NO;
				CLANG_ANALYZER_NONNULL = YES;
				CLANG_ANALYZER_NUMBER_OBJECT_CONVERSION = YES_AGGRESSIVE;
				CLANG_CXX_LANGUAGE_STANDARD = "gnu++0x";
				CLANG_CXX_LIBRARY = "libc++";
				CLANG_ENABLE_MODULES = YES;
				CLANG_ENABLE_OBJC_ARC = YES;
				CLANG_WARN_BOOL_CONVERSION = YES;
				CLANG_WARN_CONSTANT_CONVERSION = YES;
				CLANG_WARN_DIRECT_OBJC_ISA_USAGE = YES_ERROR;
				CLANG_WARN_DOCUMENTATION_COMMENTS = YES;
				CLANG_WARN_EMPTY_BODY = YES;
				CLANG_WARN_ENUM_CONVERSION = YES;
				CLANG_WARN_INFINITE_RECURSION = YES;
				CLANG_WARN_INT_CONVERSION = YES;
				CLANG_WARN_OBJC_ROOT_CLASS = YES_ERROR;
				CLANG_WARN_SUSPICIOUS_MOVE = YES;
				CLANG_WARN_UNREACHABLE_CODE = YES;
				CLANG_WARN__DUPLICATE_METHOD_MATCH = YES;
				"CODE_SIGN_IDENTITY[sdk=iphoneos*]" = "iPhone Developer";
				COPY_PHASE_STRIP = NO;
				DEBUG_INFORMATION_FORMAT = "dwarf-with-dsym";
				ENABLE_NS_ASSERTIONS = NO;
				ENABLE_STRICT_OBJC_MSGSEND = YES;
				GCC_C_LANGUAGE_STANDARD = gnu99;
				GCC_NO_COMMON_BLOCKS = YES;
				GCC_WARN_64_TO_32_BIT_CONVERSION = YES;
				GCC_WARN_ABOUT_RETURN_TYPE = YES_ERROR;
				GCC_WARN_UNDECLARED_SELECTOR = YES;
				GCC_WARN_UNINITIALIZED_AUTOS = YES_AGGRESSIVE;
				GCC_WARN_UNUSED_FUNCTION = YES;
				GCC_WARN_UNUSED_VARIABLE = YES;
				IPHONEOS_DEPLOYMENT_TARGET = 10.3;
				MTL_ENABLE_DEBUG_INFO = NO;
				SDKROOT = iphoneos;
				SWIFT_OPTIMIZATION_LEVEL = "-Owholemodule";
				TARGETED_DEVICE_FAMILY = "1,2";
				VALIDATE_PRODUCT = YES;
			};
			name = Release;
		};
		4CF53BD31F3A54C80088F136 /* Debug */ = {
			isa = XCBuildConfiguration;
			buildSettings = {
				ASSETCATALOG_COMPILER_APPICON_NAME = AppIcon;
				DEVELOPMENT_TEAM = MFNQ54N2S6;
				INFOPLIST_FILE = HalfModalPresentationController/Info.plist;
				LD_RUNPATH_SEARCH_PATHS = "$(inherited) @executable_path/Frameworks";
				PRODUCT_BUNDLE_IDENTIFIER = com.MichaeLema.HalfModalPresentationController;
				PRODUCT_NAME = "$(TARGET_NAME)";
				SWIFT_VERSION = 3.0;
			};
			name = Debug;
		};
		4CF53BD41F3A54C80088F136 /* Release */ = {
			isa = XCBuildConfiguration;
			buildSettings = {
				ASSETCATALOG_COMPILER_APPICON_NAME = AppIcon;
				DEVELOPMENT_TEAM = MFNQ54N2S6;
				INFOPLIST_FILE = HalfModalPresentationController/Info.plist;
				LD_RUNPATH_SEARCH_PATHS = "$(inherited) @executable_path/Frameworks";
				PRODUCT_BUNDLE_IDENTIFIER = com.MichaeLema.HalfModalPresentationController;
				PRODUCT_NAME = "$(TARGET_NAME)";
				SWIFT_VERSION = 3.0;
			};
			name = Release;
		};
/* End XCBuildConfiguration section */

/* Begin XCConfigurationList section */
		4CF53BBB1F3A54C80088F136 /* Build configuration list for PBXProject "HalfModalPresentationController" */ = {
			isa = XCConfigurationList;
			buildConfigurations = (
				4CF53BD01F3A54C80088F136 /* Debug */,
				4CF53BD11F3A54C80088F136 /* Release */,
			);
			defaultConfigurationIsVisible = 0;
			defaultConfigurationName = Release;
		};
		4CF53BD21F3A54C80088F136 /* Build configuration list for PBXNativeTarget "HalfModalPresentationController" */ = {
			isa = XCConfigurationList;
			buildConfigurations = (
				4CF53BD31F3A54C80088F136 /* Debug */,
				4CF53BD41F3A54C80088F136 /* Release */,
			);
			defaultConfigurationIsVisible = 0;
		};
/* End XCConfigurationList section */
	};
	rootObject = 4CF53BB81F3A54C80088F136 /* Project object */;
}
